// !$*UTF8*$!
{
	archiveVersion = 1;
	classes = {
	};
	objectVersion = 55;
	objects = {

/* Begin PBXBuildFile section */
		942B6EDC2791E05400BA8AC9 /* CollectionViewCell.swift in Sources */ = {isa = PBXBuildFile; fileRef = 942B6EDA2791E05400BA8AC9 /* CollectionViewCell.swift */; };
		942B6EDD2791E05400BA8AC9 /* CollectionViewCell.xib in Resources */ = {isa = PBXBuildFile; fileRef = 942B6EDB2791E05400BA8AC9 /* CollectionViewCell.xib */; };
		9478313F2792F2FE00B0DC2D /* WebVC.swift in Sources */ = {isa = PBXBuildFile; fileRef = 9478313E2792F2FE00B0DC2D /* WebVC.swift */; };
		9487ACC0278DC74100DB369B /* AppDelegate.swift in Sources */ = {isa = PBXBuildFile; fileRef = 9487ACBF278DC74100DB369B /* AppDelegate.swift */; };
		9487ACC2278DC74100DB369B /* SceneDelegate.swift in Sources */ = {isa = PBXBuildFile; fileRef = 9487ACC1278DC74100DB369B /* SceneDelegate.swift */; };
		9487ACC4278DC74100DB369B /* ViewController.swift in Sources */ = {isa = PBXBuildFile; fileRef = 9487ACC3278DC74100DB369B /* ViewController.swift */; };
		9487ACC7278DC74100DB369B /* Main.storyboard in Resources */ = {isa = PBXBuildFile; fileRef = 9487ACC5278DC74100DB369B /* Main.storyboard */; };
		9487ACC9278DC74400DB369B /* Assets.xcassets in Resources */ = {isa = PBXBuildFile; fileRef = 9487ACC8278DC74400DB369B /* Assets.xcassets */; };
		9487ACCC278DC74400DB369B /* LaunchScreen.storyboard in Resources */ = {isa = PBXBuildFile; fileRef = 9487ACCA278DC74400DB369B /* LaunchScreen.storyboard */; };
/* End PBXBuildFile section */

/* Begin PBXFileReference section */
		942B6EDA2791E05400BA8AC9 /* CollectionViewCell.swift */ = {isa = PBXFileReference; lastKnownFileType = sourcecode.swift; path = CollectionViewCell.swift; sourceTree = "<group>"; };
		942B6EDB2791E05400BA8AC9 /* CollectionViewCell.xib */ = {isa = PBXFileReference; lastKnownFileType = file.xib; path = CollectionViewCell.xib; sourceTree = "<group>"; };
		9478313E2792F2FE00B0DC2D /* WebVC.swift */ = {isa = PBXFileReference; lastKnownFileType = sourcecode.swift; path = WebVC.swift; sourceTree = "<group>"; };
		9487ACBC278DC74100DB369B /* IP CH.app */ = {isa = PBXFileReference; explicitFileType = wrapper.application; includeInIndex = 0; path = "IP CH.app"; sourceTree = BUILT_PRODUCTS_DIR; };
		9487ACBF278DC74100DB369B /* AppDelegate.swift */ = {isa = PBXFileReference; lastKnownFileType = sourcecode.swift; path = AppDelegate.swift; sourceTree = "<group>"; };
		9487ACC1278DC74100DB369B /* SceneDelegate.swift */ = {isa = PBXFileReference; lastKnownFileType = sourcecode.swift; path = SceneDelegate.swift; sourceTree = "<group>"; };
		9487ACC3278DC74100DB369B /* ViewController.swift */ = {isa = PBXFileReference; lastKnownFileType = sourcecode.swift; path = ViewController.swift; sourceTree = "<group>"; };
		9487ACC6278DC74100DB369B /* Base */ = {isa = PBXFileReference; lastKnownFileType = file.storyboard; name = Base; path = Base.lproj/Main.storyboard; sourceTree = "<group>"; };
		9487ACC8278DC74400DB369B /* Assets.xcassets */ = {isa = PBXFileReference; lastKnownFileType = folder.assetcatalog; path = Assets.xcassets; sourceTree = "<group>"; };
		9487ACCB278DC74400DB369B /* Base */ = {isa = PBXFileReference; lastKnownFileType = file.storyboard; name = Base; path = Base.lproj/LaunchScreen.storyboard; sourceTree = "<group>"; };
		9487ACCD278DC74400DB369B /* Info.plist */ = {isa = PBXFileReference; lastKnownFileType = text.plist.xml; path = Info.plist; sourceTree = "<group>"; };
/* End PBXFileReference section */

/* Begin PBXFrameworksBuildPhase section */
		9487ACB9278DC74100DB369B /* Frameworks */ = {
			isa = PBXFrameworksBuildPhase;
			buildActionMask = 2147483647;
			files = (
			);
			runOnlyForDeploymentPostprocessing = 0;
		};
/* End PBXFrameworksBuildPhase section */

/* Begin PBXGroup section */
		9487ACB3278DC74100DB369B = {
			isa = PBXGroup;
			children = (
				9487ACBE278DC74100DB369B /* IP CH */,
				9487ACBD278DC74100DB369B /* Products */,
			);
			sourceTree = "<group>";
		};
		9487ACBD278DC74100DB369B /* Products */ = {
			isa = PBXGroup;
			children = (
				9487ACBC278DC74100DB369B /* IP CH.app */,
			);
			name = Products;
			sourceTree = "<group>";
		};
		9487ACBE278DC74100DB369B /* IP CH */ = {
			isa = PBXGroup;
			children = (
				9487ACBF278DC74100DB369B /* AppDelegate.swift */,
				9487ACC1278DC74100DB369B /* SceneDelegate.swift */,
				9487ACC3278DC74100DB369B /* ViewController.swift */,
				9478313E2792F2FE00B0DC2D /* WebVC.swift */,
				9487ACC5278DC74100DB369B /* Main.storyboard */,
				9487ACC8278DC74400DB369B /* Assets.xcassets */,
				9487ACCA278DC74400DB369B /* LaunchScreen.storyboard */,
				9487ACCD278DC74400DB369B /* Info.plist */,
				942B6EDA2791E05400BA8AC9 /* CollectionViewCell.swift */,
				942B6EDB2791E05400BA8AC9 /* CollectionViewCell.xib */,
			);
			path = "IP CH";
			sourceTree = "<group>";
		};
/* End PBXGroup section */

/* Begin PBXNativeTarget section */
		9487ACBB278DC74100DB369B /* IP CH */ = {
			isa = PBXNativeTarget;
			buildConfigurationList = 9487ACD0278DC74400DB369B /* Build configuration list for PBXNativeTarget "IP CH" */;
			buildPhases = (
				9487ACB8278DC74100DB369B /* Sources */,
				9487ACB9278DC74100DB369B /* Frameworks */,
				9487ACBA278DC74100DB369B /* Resources */,
			);
			buildRules = (
			);
			dependencies = (
			);
			name = "IP CH";
			productName = "IP CH";
			productReference = 9487ACBC278DC74100DB369B /* IP CH.app */;
			productType = "com.apple.product-type.application";
		};
/* End PBXNativeTarget section */

/* Begin PBXProject section */
		9487ACB4278DC74100DB369B /* Project object */ = {
			isa = PBXProject;
			attributes = {
				BuildIndependentTargetsInParallel = 1;
				LastSwiftUpdateCheck = 1320;
				LastUpgradeCheck = 1320;
				TargetAttributes = {
					9487ACBB278DC74100DB369B = {
						CreatedOnToolsVersion = 13.2.1;
					};
				};
			};
			buildConfigurationList = 9487ACB7278DC74100DB369B /* Build configuration list for PBXProject "IP CH" */;
			compatibilityVersion = "Xcode 13.0";
			developmentRegion = en;
			hasScannedForEncodings = 0;
			knownRegions = (
				en,
				Base,
			);
			mainGroup = 9487ACB3278DC74100DB369B;
			productRefGroup = 9487ACBD278DC74100DB369B /* Products */;
			projectDirPath = "";
			projectRoot = "";
			targets = (
				9487ACBB278DC74100DB369B /* IP CH */,
			);
		};
/* End PBXProject section */

/* Begin PBXResourcesBuildPhase section */
		9487ACBA278DC74100DB369B /* Resources */ = {
			isa = PBXResourcesBuildPhase;
			buildActionMask = 2147483647;
			files = (
				9487ACCC278DC74400DB369B /* LaunchScreen.storyboard in Resources */,
				9487ACC9278DC74400DB369B /* Assets.xcassets in Resources */,
				942B6EDD2791E05400BA8AC9 /* CollectionViewCell.xib in Resources */,
				9487ACC7278DC74100DB369B /* Main.storyboard in Resources */,
			);
			runOnlyForDeploymentPostprocessing = 0;
		};
/* End PBXResourcesBuildPhase section */

/* Begin PBXSourcesBuildPhase section */
		9487ACB8278DC74100DB369B /* Sources */ = {
			isa = PBXSourcesBuildPhase;
			buildActionMask = 2147483647;
			files = (
				9487ACC4278DC74100DB369B /* ViewController.swift in Sources */,
				9487ACC0278DC74100DB369B /* AppDelegate.swift in Sources */,
				9478313F2792F2FE00B0DC2D /* WebVC.swift in Sources */,
				942B6EDC2791E05400BA8AC9 /* CollectionViewCell.swift in Sources */,
				9487ACC2278DC74100DB369B /* SceneDelegate.swift in Sources */,
			);
			runOnlyForDeploymentPostprocessing = 0;
		};
/* End PBXSourcesBuildPhase section */

/* Begin PBXVariantGroup section */
		9487ACC5278DC74100DB369B /* Main.storyboard */ = {
			isa = PBXVariantGroup;
			children = (
				9487ACC6278DC74100DB369B /* Base */,
			);
			name = Main.storyboard;
			sourceTree = "<group>";
		};
		9487ACCA278DC74400DB369B /* LaunchScreen.storyboard */ = {
			isa = PBXVariantGroup;
			children = (
				9487ACCB278DC74400DB369B /* Base */,
			);
			name = LaunchScreen.storyboard;
			sourceTree = "<group>";
		};
/* End PBXVariantGroup section */

/* Begin XCBuildConfiguration section */
		9487ACCE278DC74400DB369B /* Debug */ = {
			isa = XCBuildConfiguration;
			buildSettings = {
				ALWAYS_SEARCH_USER_PATHS = NO;
				CLANG_ANALYZER_NONNULL = YES;
				CLANG_ANALYZER_NUMBER_OBJECT_CONVERSION = YES_AGGRESSIVE;
				CLANG_CXX_LANGUAGE_STANDARD = "gnu++17";
				CLANG_CXX_LIBRARY = "libc++";
				CLANG_ENABLE_MODULES = YES;
				CLANG_ENABLE_OBJC_ARC = YES;
				CLANG_ENABLE_OBJC_WEAK = YES;
				CLANG_WARN_BLOCK_CAPTURE_AUTORELEASING = YES;
				CLANG_WARN_BOOL_CONVERSION = YES;
				CLANG_WARN_COMMA = YES;
				CLANG_WARN_CONSTANT_CONVERSION = YES;
				CLANG_WARN_DEPRECATED_OBJC_IMPLEMENTATIONS = YES;
				CLANG_WARN_DIRECT_OBJC_ISA_USAGE = YES_ERROR;
				CLANG_WARN_DOCUMENTATION_COMMENTS = YES;
				CLANG_WARN_EMPTY_BODY = YES;
				CLANG_WARN_ENUM_CONVERSION = YES;
				CLANG_WARN_INFINITE_RECURSION = YES;
				CLANG_WARN_INT_CONVERSION = YES;
				CLANG_WARN_NON_LITERAL_NULL_CONVERSION = YES;
				CLANG_WARN_OBJC_IMPLICIT_RETAIN_SELF = YES;
				CLANG_WARN_OBJC_LITERAL_CONVERSION = YES;
				CLANG_WARN_OBJC_ROOT_CLASS = YES_ERROR;
				CLANG_WARN_QUOTED_INCLUDE_IN_FRAMEWORK_HEADER = YES;
				CLANG_WARN_RANGE_LOOP_ANALYSIS = YES;
				CLANG_WARN_STRICT_PROTOTYPES = YES;
				CLANG_WARN_SUSPICIOUS_MOVE = YES;
				CLANG_WARN_UNGUARDED_AVAILABILITY = YES_AGGRESSIVE;
				CLANG_WARN_UNREACHABLE_CODE = YES;
				CLANG_WARN__DUPLICATE_METHOD_MATCH = YES;
				COPY_PHASE_STRIP = NO;
				DEBUG_INFORMATION_FORMAT = dwarf;
				ENABLE_STRICT_OBJC_MSGSEND = YES;
				ENABLE_TESTABILITY = YES;
				GCC_C_LANGUAGE_STANDARD = gnu11;
				GCC_DYNAMIC_NO_PIC = NO;
				GCC_NO_COMMON_BLOCKS = YES;
				GCC_OPTIMIZATION_LEVEL = 0;
				GCC_PREPROCESSOR_DEFINITIONS = (
					"DEBUG=1",
					"$(inherited)",
				);
				GCC_WARN_64_TO_32_BIT_CONVERSION = YES;
				GCC_WARN_ABOUT_RETURN_TYPE = YES_ERROR;
				GCC_WARN_UNDECLARED_SELECTOR = YES;
				GCC_WARN_UNINITIALIZED_AUTOS = YES_AGGRESSIVE;
				GCC_WARN_UNUSED_FUNCTION = YES;
				GCC_WARN_UNUSED_VARIABLE = YES;
				IPHONEOS_DEPLOYMENT_TARGET = 15.2;
				MTL_ENABLE_DEBUG_INFO = INCLUDE_SOURCE;
				MTL_FAST_MATH = YES;
				ONLY_ACTIVE_ARCH = YES;
				SDKROOT = iphoneos;
				SWIFT_ACTIVE_COMPILATION_CONDITIONS = DEBUG;
				SWIFT_OPTIMIZATION_LEVEL = "-Onone";
			};
			name = Debug;
		};
		9487ACCF278DC74400DB369B /* Release */ = {
			isa = XCBuildConfiguration;
			buildSettings = {
				ALWAYS_SEARCH_USER_PATHS = NO;
				CLANG_ANALYZER_NONNULL = YES;
				CLANG_ANALYZER_NUMBER_OBJECT_CONVERSION = YES_AGGRESSIVE;
				CLANG_CXX_LANGUAGE_STANDARD = "gnu++17";
				CLANG_CXX_LIBRARY = "libc++";
				CLANG_ENABLE_MODULES = YES;
				CLANG_ENABLE_OBJC_ARC = YES;
				CLANG_ENABLE_OBJC_WEAK = YES;
				CLANG_WARN_BLOCK_CAPTURE_AUTORELEASING = YES;
				CLANG_WARN_BOOL_CONVERSION = YES;
				CLANG_WARN_COMMA = YES;
				CLANG_WARN_CONSTANT_CONVERSION = YES;
				CLANG_WARN_DEPRECATED_OBJC_IMPLEMENTATIONS = YES;
				CLANG_WARN_DIRECT_OBJC_ISA_USAGE = YES_ERROR;
				CLANG_WARN_DOCUMENTATION_COMMENTS = YES;
				CLANG_WARN_EMPTY_BODY = YES;
				CLANG_WARN_ENUM_CONVERSION = YES;
				CLANG_WARN_INFINITE_RECURSION = YES;
				CLANG_WARN_INT_CONVERSION = YES;
				CLANG_WARN_NON_LITERAL_NULL_CONVERSION = YES;
				CLANG_WARN_OBJC_IMPLICIT_RETAIN_SELF = YES;
				CLANG_WARN_OBJC_LITERAL_CONVERSION = YES;
				CLANG_WARN_OBJC_ROOT_CLASS = YES_ERROR;
				CLANG_WARN_QUOTED_INCLUDE_IN_FRAMEWORK_HEADER = YES;
				CLANG_WARN_RANGE_LOOP_ANALYSIS = YES;
				CLANG_WARN_STRICT_PROTOTYPES = YES;
				CLANG_WARN_SUSPICIOUS_MOVE = YES;
				CLANG_WARN_UNGUARDED_AVAILABILITY = YES_AGGRESSIVE;
				CLANG_WARN_UNREACHABLE_CODE = YES;
				CLANG_WARN__DUPLICATE_METHOD_MATCH = YES;
				COPY_PHASE_STRIP = NO;
				DEBUG_INFORMATION_FORMAT = "dwarf-with-dsym";
				ENABLE_NS_ASSERTIONS = NO;
				ENABLE_STRICT_OBJC_MSGSEND = YES;
				GCC_C_LANGUAGE_STANDARD = gnu11;
				GCC_NO_COMMON_BLOCKS = YES;
				GCC_WARN_64_TO_32_BIT_CONVERSION = YES;
				GCC_WARN_ABOUT_RETURN_TYPE = YES_ERROR;
				GCC_WARN_UNDECLARED_SELECTOR = YES;
				GCC_WARN_UNINITIALIZED_AUTOS = YES_AGGRESSIVE;
				GCC_WARN_UNUSED_FUNCTION = YES;
				GCC_WARN_UNUSED_VARIABLE = YES;
				IPHONEOS_DEPLOYMENT_TARGET = 15.2;
				MTL_ENABLE_DEBUG_INFO = NO;
				MTL_FAST_MATH = YES;
				SDKROOT = iphoneos;
				SWIFT_COMPILATION_MODE = wholemodule;
				SWIFT_OPTIMIZATION_LEVEL = "-O";
				VALIDATE_PRODUCT = YES;
			};
			name = Release;
		};
		9487ACD1278DC74400DB369B /* Debug */ = {
			isa = XCBuildConfiguration;
			buildSettings = {
				ASSETCATALOG_COMPILER_APPICON_NAME = AppIcon;
				ASSETCATALOG_COMPILER_GLOBAL_ACCENT_COLOR_NAME = AccentColor;
				CODE_SIGN_STYLE = Automatic;
				CURRENT_PROJECT_VERSION = 1;
				GENERATE_INFOPLIST_FILE = YES;
				INFOPLIST_FILE = "IP CH/Info.plist";
				INFOPLIST_KEY_UIApplicationSupportsIndirectInputEvents = YES;
				INFOPLIST_KEY_UILaunchStoryboardName = LaunchScreen;
				INFOPLIST_KEY_UIMainStoryboardFile = Main;
				INFOPLIST_KEY_UISupportedInterfaceOrientations_iPad = "UIInterfaceOrientationPortrait UIInterfaceOrientationPortraitUpsideDown UIInterfaceOrientationLandscapeLeft UIInterfaceOrientationLandscapeRight";
				INFOPLIST_KEY_UISupportedInterfaceOrientations_iPhone = "UIInterfaceOrientationPortrait UIInterfaceOrientationLandscapeLeft UIInterfaceOrientationLandscapeRight";
				LD_RUNPATH_SEARCH_PATHS = (
					"$(inherited)",
					"@executable_path/Frameworks",
				);
				MARKETING_VERSION = 1.0;
				PRODUCT_BUNDLE_IDENTIFIER = "com.minglemind.IP-CH";
				PRODUCT_NAME = "$(TARGET_NAME)";
				SWIFT_EMIT_LOC_STRINGS = YES;
				SWIFT_VERSION = 5.0;
				TARGETED_DEVICE_FAMILY = "1,2";
			};
			name = Debug;
		};
		9487ACD2278DC74400DB369B /* Release */ = {
			isa = XCBuildConfiguration;
			buildSettings = {
				ASSETCATALOG_COMPILER_APPICON_NAME = AppIcon;
				ASSETCATALOG_COMPILER_GLOBAL_ACCENT_COLOR_NAME = AccentColor;
				CODE_SIGN_STYLE = Automatic;
				CURRENT_PROJECT_VERSION = 1;
				GENERATE_INFOPLIST_FILE = YES;
				INFOPLIST_FILE = "IP CH/Info.plist";
				INFOPLIST_KEY_UIApplicationSupportsIndirectInputEvents = YES;
				INFOPLIST_KEY_UILaunchStoryboardName = LaunchScreen;
				INFOPLIST_KEY_UIMainStoryboardFile = Main;
				INFOPLIST_KEY_UISupportedInterfaceOrientations_iPad = "UIInterfaceOrientationPortrait UIInterfaceOrientationPortraitUpsideDown UIInterfaceOrientationLandscapeLeft UIInterfaceOrientationLandscapeRight";
				INFOPLIST_KEY_UISupportedInterfaceOrientations_iPhone = "UIInterfaceOrientationPortrait UIInterfaceOrientationLandscapeLeft UIInterfaceOrientationLandscapeRight";
				LD_RUNPATH_SEARCH_PATHS = (
					"$(inherited)",
					"@executable_path/Frameworks",
				);
				MARKETING_VERSION = 1.0;
				PRODUCT_BUNDLE_IDENTIFIER = "com.minglemind.IP-CH";
				PRODUCT_NAME = "$(TARGET_NAME)";
				SWIFT_EMIT_LOC_STRINGS = YES;
				SWIFT_VERSION = 5.0;
				TARGETED_DEVICE_FAMILY = "1,2";
			};
			name = Release;
		};
/* End XCBuildConfiguration section */

/* Begin XCConfigurationList section */
		9487ACB7278DC74100DB369B /* Build configuration list for PBXProject "IP CH" */ = {
			isa = XCConfigurationList;
			buildConfigurations = (
				9487ACCE278DC74400DB369B /* Debug */,
				9487ACCF278DC74400DB369B /* Release */,
			);
			defaultConfigurationIsVisible = 0;
			defaultConfigurationName = Release;
		};
		9487ACD0278DC74400DB369B /* Build configuration list for PBXNativeTarget "IP CH" */ = {
			isa = XCConfigurationList;
			buildConfigurations = (
				9487ACD1278DC74400DB369B /* Debug */,
				9487ACD2278DC74400DB369B /* Release */,
			);
			defaultConfigurationIsVisible = 0;
			defaultConfigurationName = Release;
		};
/* End XCConfigurationList section */
	};
	rootObject = 9487ACB4278DC74100DB369B /* Project object */;
}
